
Microsoft Visual Studio Solution File, Format Version 12.00
# Visual Studio Version 17
VisualStudioVersion = 17.14.36310.24
MinimumVisualStudioVersion = 10.0.40219.1
Project("{FAE04EC0-301F-11D3-BF4B-00C04F79EFBC}") = "ReinforcedWalls", "ReinforcedWalls.csproj", "{7916BDA2-8C6B-4E21-90B7-51411C54D9D0}"
EndProject
Global
	GlobalSection(SolutionConfigurationPlatforms) = preSolution
		Debug|Any CPU = Debug|Any CPU
		Release|Any CPU = Release|Any CPU
	EndGlobalSection
	GlobalSection(ProjectConfigurationPlatforms) = postSolution
		{7916BDA2-8C6B-4E21-90B7-51411C54D9D0}.Debug|Any CPU.ActiveCfg = Debug|Any CPU
		{7916BDA2-8C6B-4E21-90B7-51411C54D9D0}.Debug|Any CPU.Build.0 = Debug|Any CPU
		{7916BDA2-8C6B-4E21-90B7-51411C54D9D0}.Release|Any CPU.ActiveCfg = Release|Any CPU
		{7916BDA2-8C6B-4E21-90B7-51411C54D9D0}.Release|Any CPU.Build.0 = Release|Any CPU
	EndGlobalSection
	GlobalSection(SolutionProperties) = preSolution
		HideSolutionNode = FALSE
	EndGlobalSection
	GlobalSection(ExtensibilityGlobals) = postSolution
		SolutionGuid = {7C252028-6654-42F0-A835-11D9B0D16013}
	EndGlobalSection
EndGlobal
